// !$*UTF8*$!
{
	archiveVersion = 1;
	classes = {
	};
	objectVersion = 50;
	objects = {

/* Begin PBXBuildFile section */
		8942D9E623843F4600F8C613 /* NavigationButton.swift in Sources */ = {isa = PBXBuildFile; fileRef = 8942D9E523843F4600F8C613 /* NavigationButton.swift */; };
		894665572371785F00932E43 /* AuoFocusTextField.swift in Sources */ = {isa = PBXBuildFile; fileRef = 894665562371785F00932E43 /* AuoFocusTextField.swift */; };
		8946655923719AEA00932E43 /* LocationManager.swift in Sources */ = {isa = PBXBuildFile; fileRef = 8946655823719AEA00932E43 /* LocationManager.swift */; };
		8946655B2371C7E100932E43 /* SettingsView.swift in Sources */ = {isa = PBXBuildFile; fileRef = 8946655A2371C7E100932E43 /* SettingsView.swift */; };
		8946655D2371D28F00932E43 /* Settings.swift in Sources */ = {isa = PBXBuildFile; fileRef = 8946655C2371D28F00932E43 /* Settings.swift */; };
		896BFE652398F2D2003DD4C1 /* ShareSheet.swift in Sources */ = {isa = PBXBuildFile; fileRef = 896BFE642398F2D2003DD4C1 /* ShareSheet.swift */; };
		898C0346236B29360044E0D5 /* AppDelegate.swift in Sources */ = {isa = PBXBuildFile; fileRef = 898C0345236B29360044E0D5 /* AppDelegate.swift */; };
		898C0348236B29360044E0D5 /* SceneDelegate.swift in Sources */ = {isa = PBXBuildFile; fileRef = 898C0347236B29360044E0D5 /* SceneDelegate.swift */; };
		898C034B236B29370044E0D5 /* Locally.xcdatamodeld in Sources */ = {isa = PBXBuildFile; fileRef = 898C0349236B29370044E0D5 /* Locally.xcdatamodeld */; };
		898C034D236B29370044E0D5 /* ContentView.swift in Sources */ = {isa = PBXBuildFile; fileRef = 898C034C236B29370044E0D5 /* ContentView.swift */; };
		898C034F236B293B0044E0D5 /* Assets.xcassets in Resources */ = {isa = PBXBuildFile; fileRef = 898C034E236B293B0044E0D5 /* Assets.xcassets */; };
		898C0352236B293B0044E0D5 /* Preview Assets.xcassets in Resources */ = {isa = PBXBuildFile; fileRef = 898C0351236B293B0044E0D5 /* Preview Assets.xcassets */; };
		898C0355236B293B0044E0D5 /* LaunchScreen.storyboard in Resources */ = {isa = PBXBuildFile; fileRef = 898C0353236B293B0044E0D5 /* LaunchScreen.storyboard */; };
		898C035F236B2AA50044E0D5 /* CloudKit.framework in Frameworks */ = {isa = PBXBuildFile; fileRef = 898C035E236B2AA50044E0D5 /* CloudKit.framework */; };
		898C0363236B2ECC0044E0D5 /* Locations.swift in Sources */ = {isa = PBXBuildFile; fileRef = 898C0362236B2ECC0044E0D5 /* Locations.swift */; };
		898C0365236B2F060044E0D5 /* LocationItem.swift in Sources */ = {isa = PBXBuildFile; fileRef = 898C0364236B2F060044E0D5 /* LocationItem.swift */; };
		898C0367236B2FEC0044E0D5 /* AddLocation.swift in Sources */ = {isa = PBXBuildFile; fileRef = 898C0366236B2FEC0044E0D5 /* AddLocation.swift */; };
		898C0369236B32590044E0D5 /* MapView.swift in Sources */ = {isa = PBXBuildFile; fileRef = 898C0368236B32590044E0D5 /* MapView.swift */; };
		89AE98852375B7B6007B6C04 /* OnboardingView.swift in Sources */ = {isa = PBXBuildFile; fileRef = 89AE98842375B7B6007B6C04 /* OnboardingView.swift */; };
		89D1DC0E237B06ED0081D26F /* PlayGroundView.swift in Sources */ = {isa = PBXBuildFile; fileRef = 89D1DC0D237B06ED0081D26F /* PlayGroundView.swift */; };
/* End PBXBuildFile section */

/* Begin PBXFileReference section */
		8942D9E523843F4600F8C613 /* NavigationButton.swift */ = {isa = PBXFileReference; lastKnownFileType = sourcecode.swift; path = NavigationButton.swift; sourceTree = "<group>"; };
		894665562371785F00932E43 /* AuoFocusTextField.swift */ = {isa = PBXFileReference; lastKnownFileType = sourcecode.swift; path = AuoFocusTextField.swift; sourceTree = "<group>"; };
		8946655823719AEA00932E43 /* LocationManager.swift */ = {isa = PBXFileReference; lastKnownFileType = sourcecode.swift; path = LocationManager.swift; sourceTree = "<group>"; };
		8946655A2371C7E100932E43 /* SettingsView.swift */ = {isa = PBXFileReference; lastKnownFileType = sourcecode.swift; path = SettingsView.swift; sourceTree = "<group>"; };
		8946655C2371D28F00932E43 /* Settings.swift */ = {isa = PBXFileReference; lastKnownFileType = sourcecode.swift; path = Settings.swift; sourceTree = "<group>"; };
		896BFE642398F2D2003DD4C1 /* ShareSheet.swift */ = {isa = PBXFileReference; lastKnownFileType = sourcecode.swift; path = ShareSheet.swift; sourceTree = "<group>"; };
		898C0342236B29360044E0D5 /* Locally.app */ = {isa = PBXFileReference; explicitFileType = wrapper.application; includeInIndex = 0; path = Locally.app; sourceTree = BUILT_PRODUCTS_DIR; };
		898C0345236B29360044E0D5 /* AppDelegate.swift */ = {isa = PBXFileReference; lastKnownFileType = sourcecode.swift; path = AppDelegate.swift; sourceTree = "<group>"; };
		898C0347236B29360044E0D5 /* SceneDelegate.swift */ = {isa = PBXFileReference; lastKnownFileType = sourcecode.swift; path = SceneDelegate.swift; sourceTree = "<group>"; };
		898C034A236B29370044E0D5 /* Locally.xcdatamodel */ = {isa = PBXFileReference; lastKnownFileType = wrapper.xcdatamodel; path = Locally.xcdatamodel; sourceTree = "<group>"; };
		898C034C236B29370044E0D5 /* ContentView.swift */ = {isa = PBXFileReference; lastKnownFileType = sourcecode.swift; path = ContentView.swift; sourceTree = "<group>"; };
		898C034E236B293B0044E0D5 /* Assets.xcassets */ = {isa = PBXFileReference; lastKnownFileType = folder.assetcatalog; path = Assets.xcassets; sourceTree = "<group>"; };
		898C0351236B293B0044E0D5 /* Preview Assets.xcassets */ = {isa = PBXFileReference; lastKnownFileType = folder.assetcatalog; path = "Preview Assets.xcassets"; sourceTree = "<group>"; };
		898C0354236B293B0044E0D5 /* Base */ = {isa = PBXFileReference; lastKnownFileType = file.storyboard; name = Base; path = Base.lproj/LaunchScreen.storyboard; sourceTree = "<group>"; };
		898C0356236B293B0044E0D5 /* Info.plist */ = {isa = PBXFileReference; lastKnownFileType = text.plist.xml; path = Info.plist; sourceTree = "<group>"; };
		898C035C236B2AA10044E0D5 /* Locally.entitlements */ = {isa = PBXFileReference; lastKnownFileType = text.plist.entitlements; path = Locally.entitlements; sourceTree = "<group>"; };
		898C035E236B2AA50044E0D5 /* CloudKit.framework */ = {isa = PBXFileReference; lastKnownFileType = wrapper.framework; name = CloudKit.framework; path = System/Library/Frameworks/CloudKit.framework; sourceTree = SDKROOT; };
		898C0362236B2ECC0044E0D5 /* Locations.swift */ = {isa = PBXFileReference; lastKnownFileType = sourcecode.swift; path = Locations.swift; sourceTree = "<group>"; };
		898C0364236B2F060044E0D5 /* LocationItem.swift */ = {isa = PBXFileReference; lastKnownFileType = sourcecode.swift; path = LocationItem.swift; sourceTree = "<group>"; };
		898C0366236B2FEC0044E0D5 /* AddLocation.swift */ = {isa = PBXFileReference; lastKnownFileType = sourcecode.swift; path = AddLocation.swift; sourceTree = "<group>"; };
		898C0368236B32590044E0D5 /* MapView.swift */ = {isa = PBXFileReference; lastKnownFileType = sourcecode.swift; path = MapView.swift; sourceTree = "<group>"; };
		89AE98842375B7B6007B6C04 /* OnboardingView.swift */ = {isa = PBXFileReference; lastKnownFileType = sourcecode.swift; path = OnboardingView.swift; sourceTree = "<group>"; };
		89D1DC0D237B06ED0081D26F /* PlayGroundView.swift */ = {isa = PBXFileReference; lastKnownFileType = sourcecode.swift; path = PlayGroundView.swift; sourceTree = "<group>"; };
/* End PBXFileReference section */

/* Begin PBXFrameworksBuildPhase section */
		898C033F236B29360044E0D5 /* Frameworks */ = {
			isa = PBXFrameworksBuildPhase;
			buildActionMask = 2147483647;
			files = (
				898C035F236B2AA50044E0D5 /* CloudKit.framework in Frameworks */,
			);
			runOnlyForDeploymentPostprocessing = 0;
		};
/* End PBXFrameworksBuildPhase section */

/* Begin PBXGroup section */
		898C0339236B29360044E0D5 = {
			isa = PBXGroup;
			children = (
				898C0344236B29360044E0D5 /* Locally */,
				898C0343236B29360044E0D5 /* Products */,
				898C035D236B2AA50044E0D5 /* Frameworks */,
			);
			sourceTree = "<group>";
		};
		898C0343236B29360044E0D5 /* Products */ = {
			isa = PBXGroup;
			children = (
				898C0342236B29360044E0D5 /* Locally.app */,
			);
			name = Products;
			sourceTree = "<group>";
		};
		898C0344236B29360044E0D5 /* Locally */ = {
			isa = PBXGroup;
			children = (
				898C0345236B29360044E0D5 /* AppDelegate.swift */,
				898C0347236B29360044E0D5 /* SceneDelegate.swift */,
				898C0361236B2E980044E0D5 /* Views */,
				898C0360236B2E920044E0D5 /* Model */,
				898C035C236B2AA10044E0D5 /* Locally.entitlements */,
				898C0349236B29370044E0D5 /* Locally.xcdatamodeld */,
				898C034E236B293B0044E0D5 /* Assets.xcassets */,
				898C0353236B293B0044E0D5 /* LaunchScreen.storyboard */,
				898C0356236B293B0044E0D5 /* Info.plist */,
				898C0350236B293B0044E0D5 /* Preview Content */,
			);
			path = Locally;
			sourceTree = "<group>";
		};
		898C0350236B293B0044E0D5 /* Preview Content */ = {
			isa = PBXGroup;
			children = (
				898C0351236B293B0044E0D5 /* Preview Assets.xcassets */,
			);
			path = "Preview Content";
			sourceTree = "<group>";
		};
		898C035D236B2AA50044E0D5 /* Frameworks */ = {
			isa = PBXGroup;
			children = (
				898C035E236B2AA50044E0D5 /* CloudKit.framework */,
			);
			name = Frameworks;
			sourceTree = "<group>";
		};
		898C0360236B2E920044E0D5 /* Model */ = {
			isa = PBXGroup;
			children = (
				8946655823719AEA00932E43 /* LocationManager.swift */,
				898C0364236B2F060044E0D5 /* LocationItem.swift */,
				898C0362236B2ECC0044E0D5 /* Locations.swift */,
				8946655C2371D28F00932E43 /* Settings.swift */,
			);
			path = Model;
			sourceTree = "<group>";
		};
		898C0361236B2E980044E0D5 /* Views */ = {
			isa = PBXGroup;
			children = (
				898C034C236B29370044E0D5 /* ContentView.swift */,
				898C0368236B32590044E0D5 /* MapView.swift */,
				898C0366236B2FEC0044E0D5 /* AddLocation.swift */,
				8946655A2371C7E100932E43 /* SettingsView.swift */,
				894665562371785F00932E43 /* AuoFocusTextField.swift */,
				89AE98842375B7B6007B6C04 /* OnboardingView.swift */,
				89D1DC0D237B06ED0081D26F /* PlayGroundView.swift */,
				8942D9E523843F4600F8C613 /* NavigationButton.swift */,
				896BFE642398F2D2003DD4C1 /* ShareSheet.swift */,
			);
			path = Views;
			sourceTree = "<group>";
		};
/* End PBXGroup section */

/* Begin PBXNativeTarget section */
		898C0341236B29360044E0D5 /* Locally */ = {
			isa = PBXNativeTarget;
			buildConfigurationList = 898C0359236B293B0044E0D5 /* Build configuration list for PBXNativeTarget "Locally" */;
			buildPhases = (
				898C033E236B29360044E0D5 /* Sources */,
				898C033F236B29360044E0D5 /* Frameworks */,
				898C0340236B29360044E0D5 /* Resources */,
			);
			buildRules = (
			);
			dependencies = (
			);
			name = Locally;
			productName = Locally;
			productReference = 898C0342236B29360044E0D5 /* Locally.app */;
			productType = "com.apple.product-type.application";
		};
/* End PBXNativeTarget section */

/* Begin PBXProject section */
		898C033A236B29360044E0D5 /* Project object */ = {
			isa = PBXProject;
			attributes = {
				LastSwiftUpdateCheck = 1100;
				LastUpgradeCheck = 1100;
				ORGANIZATIONNAME = "Mihai Leonte";
				TargetAttributes = {
					898C0341236B29360044E0D5 = {
						CreatedOnToolsVersion = 11.0;
					};
				};
			};
			buildConfigurationList = 898C033D236B29360044E0D5 /* Build configuration list for PBXProject "Locally" */;
			compatibilityVersion = "Xcode 9.3";
			developmentRegion = en;
			hasScannedForEncodings = 0;
			knownRegions = (
				en,
				Base,
			);
			mainGroup = 898C0339236B29360044E0D5;
			productRefGroup = 898C0343236B29360044E0D5 /* Products */;
			projectDirPath = "";
			projectRoot = "";
			targets = (
				898C0341236B29360044E0D5 /* Locally */,
			);
		};
/* End PBXProject section */

/* Begin PBXResourcesBuildPhase section */
		898C0340236B29360044E0D5 /* Resources */ = {
			isa = PBXResourcesBuildPhase;
			buildActionMask = 2147483647;
			files = (
				898C0355236B293B0044E0D5 /* LaunchScreen.storyboard in Resources */,
				898C0352236B293B0044E0D5 /* Preview Assets.xcassets in Resources */,
				898C034F236B293B0044E0D5 /* Assets.xcassets in Resources */,
			);
			runOnlyForDeploymentPostprocessing = 0;
		};
/* End PBXResourcesBuildPhase section */

/* Begin PBXSourcesBuildPhase section */
		898C033E236B29360044E0D5 /* Sources */ = {
			isa = PBXSourcesBuildPhase;
			buildActionMask = 2147483647;
			files = (
				898C034B236B29370044E0D5 /* Locally.xcdatamodeld in Sources */,
				898C0369236B32590044E0D5 /* MapView.swift in Sources */,
				894665572371785F00932E43 /* AuoFocusTextField.swift in Sources */,
				8946655923719AEA00932E43 /* LocationManager.swift in Sources */,
				898C0346236B29360044E0D5 /* AppDelegate.swift in Sources */,
				898C034D236B29370044E0D5 /* ContentView.swift in Sources */,
				8946655D2371D28F00932E43 /* Settings.swift in Sources */,
				896BFE652398F2D2003DD4C1 /* ShareSheet.swift in Sources */,
				89AE98852375B7B6007B6C04 /* OnboardingView.swift in Sources */,
				8942D9E623843F4600F8C613 /* NavigationButton.swift in Sources */,
				898C0365236B2F060044E0D5 /* LocationItem.swift in Sources */,
				898C0363236B2ECC0044E0D5 /* Locations.swift in Sources */,
				898C0348236B29360044E0D5 /* SceneDelegate.swift in Sources */,
				89D1DC0E237B06ED0081D26F /* PlayGroundView.swift in Sources */,
				898C0367236B2FEC0044E0D5 /* AddLocation.swift in Sources */,
				8946655B2371C7E100932E43 /* SettingsView.swift in Sources */,
			);
			runOnlyForDeploymentPostprocessing = 0;
		};
/* End PBXSourcesBuildPhase section */

/* Begin PBXVariantGroup section */
		898C0353236B293B0044E0D5 /* LaunchScreen.storyboard */ = {
			isa = PBXVariantGroup;
			children = (
				898C0354236B293B0044E0D5 /* Base */,
			);
			name = LaunchScreen.storyboard;
			sourceTree = "<group>";
		};
/* End PBXVariantGroup section */

/* Begin XCBuildConfiguration section */
		898C0357236B293B0044E0D5 /* Debug */ = {
			isa = XCBuildConfiguration;
			buildSettings = {
				ALWAYS_SEARCH_USER_PATHS = NO;
				CLANG_ANALYZER_NONNULL = YES;
				CLANG_ANALYZER_NUMBER_OBJECT_CONVERSION = YES_AGGRESSIVE;
				CLANG_CXX_LANGUAGE_STANDARD = "gnu++14";
				CLANG_CXX_LIBRARY = "libc++";
				CLANG_ENABLE_MODULES = YES;
				CLANG_ENABLE_OBJC_ARC = YES;
				CLANG_ENABLE_OBJC_WEAK = YES;
				CLANG_WARN_BLOCK_CAPTURE_AUTORELEASING = YES;
				CLANG_WARN_BOOL_CONVERSION = YES;
				CLANG_WARN_COMMA = YES;
				CLANG_WARN_CONSTANT_CONVERSION = YES;
				CLANG_WARN_DEPRECATED_OBJC_IMPLEMENTATIONS = YES;
				CLANG_WARN_DIRECT_OBJC_ISA_USAGE = YES_ERROR;
				CLANG_WARN_DOCUMENTATION_COMMENTS = YES;
				CLANG_WARN_EMPTY_BODY = YES;
				CLANG_WARN_ENUM_CONVERSION = YES;
				CLANG_WARN_INFINITE_RECURSION = YES;
				CLANG_WARN_INT_CONVERSION = YES;
				CLANG_WARN_NON_LITERAL_NULL_CONVERSION = YES;
				CLANG_WARN_OBJC_IMPLICIT_RETAIN_SELF = YES;
				CLANG_WARN_OBJC_LITERAL_CONVERSION = YES;
				CLANG_WARN_OBJC_ROOT_CLASS = YES_ERROR;
				CLANG_WARN_RANGE_LOOP_ANALYSIS = YES;
				CLANG_WARN_STRICT_PROTOTYPES = YES;
				CLANG_WARN_SUSPICIOUS_MOVE = YES;
				CLANG_WARN_UNGUARDED_AVAILABILITY = YES_AGGRESSIVE;
				CLANG_WARN_UNREACHABLE_CODE = YES;
				CLANG_WARN__DUPLICATE_METHOD_MATCH = YES;
				COPY_PHASE_STRIP = NO;
				DEBUG_INFORMATION_FORMAT = dwarf;
				ENABLE_STRICT_OBJC_MSGSEND = YES;
				ENABLE_TESTABILITY = YES;
				GCC_C_LANGUAGE_STANDARD = gnu11;
				GCC_DYNAMIC_NO_PIC = NO;
				GCC_NO_COMMON_BLOCKS = YES;
				GCC_OPTIMIZATION_LEVEL = 0;
				GCC_PREPROCESSOR_DEFINITIONS = (
					"DEBUG=1",
					"$(inherited)",
				);
				GCC_WARN_64_TO_32_BIT_CONVERSION = YES;
				GCC_WARN_ABOUT_RETURN_TYPE = YES_ERROR;
				GCC_WARN_UNDECLARED_SELECTOR = YES;
				GCC_WARN_UNINITIALIZED_AUTOS = YES_AGGRESSIVE;
				GCC_WARN_UNUSED_FUNCTION = YES;
				GCC_WARN_UNUSED_VARIABLE = YES;
				IPHONEOS_DEPLOYMENT_TARGET = 13.2;
				MTL_ENABLE_DEBUG_INFO = INCLUDE_SOURCE;
				MTL_FAST_MATH = YES;
				ONLY_ACTIVE_ARCH = YES;
				SDKROOT = iphoneos;
				SWIFT_ACTIVE_COMPILATION_CONDITIONS = DEBUG;
				SWIFT_OPTIMIZATION_LEVEL = "-Onone";
			};
			name = Debug;
		};
		898C0358236B293B0044E0D5 /* Release */ = {
			isa = XCBuildConfiguration;
			buildSettings = {
				ALWAYS_SEARCH_USER_PATHS = NO;
				CLANG_ANALYZER_NONNULL = YES;
				CLANG_ANALYZER_NUMBER_OBJECT_CONVERSION = YES_AGGRESSIVE;
				CLANG_CXX_LANGUAGE_STANDARD = "gnu++14";
				CLANG_CXX_LIBRARY = "libc++";
				CLANG_ENABLE_MODULES = YES;
				CLANG_ENABLE_OBJC_ARC = YES;
				CLANG_ENABLE_OBJC_WEAK = YES;
				CLANG_WARN_BLOCK_CAPTURE_AUTORELEASING = YES;
				CLANG_WARN_BOOL_CONVERSION = YES;
				CLANG_WARN_COMMA = YES;
				CLANG_WARN_CONSTANT_CONVERSION = YES;
				CLANG_WARN_DEPRECATED_OBJC_IMPLEMENTATIONS = YES;
				CLANG_WARN_DIRECT_OBJC_ISA_USAGE = YES_ERROR;
				CLANG_WARN_DOCUMENTATION_COMMENTS = YES;
				CLANG_WARN_EMPTY_BODY = YES;
				CLANG_WARN_ENUM_CONVERSION = YES;
				CLANG_WARN_INFINITE_RECURSION = YES;
				CLANG_WARN_INT_CONVERSION = YES;
				CLANG_WARN_NON_LITERAL_NULL_CONVERSION = YES;
				CLANG_WARN_OBJC_IMPLICIT_RETAIN_SELF = YES;
				CLANG_WARN_OBJC_LITERAL_CONVERSION = YES;
				CLANG_WARN_OBJC_ROOT_CLASS = YES_ERROR;
				CLANG_WARN_RANGE_LOOP_ANALYSIS = YES;
				CLANG_WARN_STRICT_PROTOTYPES = YES;
				CLANG_WARN_SUSPICIOUS_MOVE = YES;
				CLANG_WARN_UNGUARDED_AVAILABILITY = YES_AGGRESSIVE;
				CLANG_WARN_UNREACHABLE_CODE = YES;
				CLANG_WARN__DUPLICATE_METHOD_MATCH = YES;
				COPY_PHASE_STRIP = NO;
				DEBUG_INFORMATION_FORMAT = "dwarf-with-dsym";
				ENABLE_NS_ASSERTIONS = NO;
				ENABLE_STRICT_OBJC_MSGSEND = YES;
				GCC_C_LANGUAGE_STANDARD = gnu11;
				GCC_NO_COMMON_BLOCKS = YES;
				GCC_WARN_64_TO_32_BIT_CONVERSION = YES;
				GCC_WARN_ABOUT_RETURN_TYPE = YES_ERROR;
				GCC_WARN_UNDECLARED_SELECTOR = YES;
				GCC_WARN_UNINITIALIZED_AUTOS = YES_AGGRESSIVE;
				GCC_WARN_UNUSED_FUNCTION = YES;
				GCC_WARN_UNUSED_VARIABLE = YES;
				IPHONEOS_DEPLOYMENT_TARGET = 13.2;
				MTL_ENABLE_DEBUG_INFO = NO;
				MTL_FAST_MATH = YES;
				SDKROOT = iphoneos;
				SWIFT_COMPILATION_MODE = wholemodule;
				SWIFT_OPTIMIZATION_LEVEL = "-O";
				VALIDATE_PRODUCT = YES;
			};
			name = Release;
		};
		898C035A236B293B0044E0D5 /* Debug */ = {
			isa = XCBuildConfiguration;
			buildSettings = {
				ASSETCATALOG_COMPILER_APPICON_NAME = AppIcon;
				CODE_SIGN_ENTITLEMENTS = Locally/Locally.entitlements;
				CODE_SIGN_STYLE = Automatic;
				CURRENT_PROJECT_VERSION = 1;
				DEVELOPMENT_ASSET_PATHS = "\"Locally/Preview Content\"";
				DEVELOPMENT_TEAM = V7S7GB28P7;
				ENABLE_PREVIEWS = YES;
				INFOPLIST_FILE = Locally/Info.plist;
				LD_RUNPATH_SEARCH_PATHS = (
					"$(inherited)",
					"@executable_path/Frameworks",
				);
				MARKETING_VERSION = 1.1;
				PRODUCT_BUNDLE_IDENTIFIER = dev.leonte.Locally;
				PRODUCT_NAME = "$(TARGET_NAME)";
				SWIFT_VERSION = 5.0;
				TARGETED_DEVICE_FAMILY = 1;
			};
			name = Debug;
		};
		898C035B236B293B0044E0D5 /* Release */ = {
			isa = XCBuildConfiguration;
			buildSettings = {
				ASSETCATALOG_COMPILER_APPICON_NAME = AppIcon;
				CODE_SIGN_ENTITLEMENTS = Locally/Locally.entitlements;
				CODE_SIGN_STYLE = Automatic;
				CURRENT_PROJECT_VERSION = 1;
				DEVELOPMENT_ASSET_PATHS = "\"Locally/Preview Content\"";
				DEVELOPMENT_TEAM = V7S7GB28P7;
				ENABLE_PREVIEWS = YES;
				INFOPLIST_FILE = Locally/Info.plist;
				LD_RUNPATH_SEARCH_PATHS = (
					"$(inherited)",
					"@executable_path/Frameworks",
				);
				MARKETING_VERSION = 1.1;
				PRODUCT_BUNDLE_IDENTIFIER = dev.leonte.Locally;
				PRODUCT_NAME = "$(TARGET_NAME)";
				SWIFT_VERSION = 5.0;
				TARGETED_DEVICE_FAMILY = 1;
			};
			name = Release;
		};
/* End XCBuildConfiguration section */

/* Begin XCConfigurationList section */
		898C033D236B29360044E0D5 /* Build configuration list for PBXProject "Locally" */ = {
			isa = XCConfigurationList;
			buildConfigurations = (
				898C0357236B293B0044E0D5 /* Debug */,
				898C0358236B293B0044E0D5 /* Release */,
			);
			defaultConfigurationIsVisible = 0;
			defaultConfigurationName = Release;
		};
		898C0359236B293B0044E0D5 /* Build configuration list for PBXNativeTarget "Locally" */ = {
			isa = XCConfigurationList;
			buildConfigurations = (
				898C035A236B293B0044E0D5 /* Debug */,
				898C035B236B293B0044E0D5 /* Release */,
			);
			defaultConfigurationIsVisible = 0;
			defaultConfigurationName = Release;
		};
/* End XCConfigurationList section */

/* Begin XCVersionGroup section */
		898C0349236B29370044E0D5 /* Locally.xcdatamodeld */ = {
			isa = XCVersionGroup;
			children = (
				898C034A236B29370044E0D5 /* Locally.xcdatamodel */,
			);
			currentVersion = 898C034A236B29370044E0D5 /* Locally.xcdatamodel */;
			path = Locally.xcdatamodeld;
			sourceTree = "<group>";
			versionGroupType = wrapper.xcdatamodel;
		};
/* End XCVersionGroup section */
	};
	rootObject = 898C033A236B29360044E0D5 /* Project object */;
}
